github.com/davecgh/go-spew v1.1.1 h1:vj9j/u1bqnvCEfJOwUhtlOARqs3+rkHYY13jYWTU97c=
github.com/davecgh/go-spew v1.1.1/go.mod h1:J7Y8YcW2NihsgmVo/mv3lAwl/skON4iLHjSsI+c5H38=
github.com/go-gl/glfw/v3.4/glfw v0.1.0-pre.1.0.20260628091122-0bd588dc30cf h1:F3qluraUahVF1QyZcPaeqavaUMr65eQnR4AH4VmDojc=
github.com/go-gl/glfw/v3.4/glfw v0.1.0-pre.1.0.20260628091122-0bd588dc30cf/go.mod h1:T5Dn0JwIJOX1euPZ/iT4tq6nFYtmukjcYa7937HuYK8=
github.com/oliverbestmann/webgpu v1.34.3 h1:0tuh+tmpXQ9VJYWpDTELnkEgh7GyMcHnyahDqgRC0R4=
github.com/oliverbestmann/webgpu v1.34.3/go.mod h1:GQectz+JGhriyME9VEChIZvHupghM2Y/lj5sfo53brI=
github.com/oliverbestmann/webgpu/libs-android v0.0.0-20260628152806-6b27e30a172e h1:FX62Djj//RQiIrjnyo7oxhQJ4rdNlbzvLiICxTbE4z4=
github.com/oliverbestmann/webgpu/libs-android v0.0.0-20260628152806-6b27e30a172e/go.mod h1:tczQXCdsoFy+FTJVsZSve/vF8cmWEkxhvjcyY2Rujp8=
github.com/oliverbestmann/webgpu/libs-darwin v0.0.0-20260628152755-66a5dfa57f8d h1:DX7hw4Pmr73MNVEtOmEq4+nKH+rd8fSdL1a5PLHrqrE=
github.com/oliverbestmann/webgpu/libs-darwin v0.0.0-20260628152755-66a5dfa57f8d/go.mod h1:XoHM/ZcjQqJQyEfQjU0ScDkxvQRWfZLxKP8IrEz4xyo=
github.com/oliverbestmann/webgpu/libs-ios v0.0.0-20260628152757-fe2537e7ddac h1:WRnQIb1/k4Lgre6L/nl+FY+5QJggap5TY3hGsmDybp0=
github.com/oliverbestmann/webgpu/libs-ios v0.0.0-20260628152757-fe2537e7ddac/go.mod h1:IV+TkwmPA0yMzZZoz0Aj4X+22WLEQq2TOyN4/0k8lgs=
github.com/oliverbestmann/webgpu/libs-linux v0.0.0-20260628152803-421b8a341d08 h1:bavZLYYgFIMOW3fMpta6CDWU/MfStheT17txHkKqui0=
github.com/oliverbestmann/webgpu/libs-linux v0.0.0-20260628152803-421b8a341d08/go.mod h1:SOeo2YWe2UxWxOeAHyZtwaSXkBbP78cGnm7I+6lIWV0=
github.com/oliverbestmann/webgpu/libs-windows v0.0.0-20260628152801-f47d1b682eb8 h1:i+nU0u/5Fwwnqc6QXXk6Ivizue6YpdMGQbMwW2/frpY=
github.com/oliverbestmann/webgpu/libs-windows v0.0.0-20260628152801-f47d1b682eb8/go.mod h1:58qRJHG2+mjEu/AKJFh026bz3xE1zEHYt41i4TBM8NE=
github.com/pmezard/go-difflib v1.0.0 h1:4DBwDE0NGyQoBHbLQYPwSUPoCMWR5BEzIk/f1lZbAQM=
github.com/pmezard/go-difflib v1.0.0/go.mod h1:iKH77koFhYxTK1pcRnkKkqfTogsbg7gZNVY4sRDYZ/4=
github.com/stretchr/testify v1.11.1 h1:7s2iGBzp5EwR7/aIZr8ao5+dra3wiQyKjjFuvgVKu7U=
github.com/stretchr/testify v1.11.1/go.mod h1:wZwfW3scLgRK+23gO65QZefKpKQRnfz6sD981Nm4B6U=
gopkg.in/yaml.v3 v3.0.1 h1:fxVm/GzAzEWqLHuvctI91KS9hhNmmWOoWu0XTYJS7CA=
gopkg.in/yaml.v3 v3.0.1/go.mod h1:K4uyk7z7BCEPqu6E+C64Yfv1cQ7kz7rIZviUmN+EgEM=
